// !$*UTF8*$!
{
	archiveVersion = 1;
	classes = {
	};
	objectVersion = 46;
	objects = {

/* Begin PBXBuildFile section */
		B71D1CB41BD577750099916D /* Foundation.framework in Frameworks */ = {isa = PBXBuildFile; fileRef = B71D1CB31BD577750099916D /* Foundation.framework */; };
		B71D1CB61BD577750099916D /* CoreGraphics.framework in Frameworks */ = {isa = PBXBuildFile; fileRef = B71D1CB51BD577750099916D /* CoreGraphics.framework */; };
		B71D1CB81BD577750099916D /* UIKit.framework in Frameworks */ = {isa = PBXBuildFile; fileRef = B71D1CB71BD577750099916D /* UIKit.framework */; };
		B71D1CBE1BD577750099916D /* InfoPlist.strings in Resources */ = {isa = PBXBuildFile; fileRef = B71D1CBC1BD577750099916D /* InfoPlist.strings */; };
		B71D1CC01BD577750099916D /* main.m in Sources */ = {isa = PBXBuildFile; fileRef = B71D1CBF1BD577750099916D /* main.m */; };
		B71D1CC41BD577750099916D /* SocialNetworkAppAppDelegate.m in Sources */ = {isa = PBXBuildFile; fileRef = B71D1CC31BD577750099916D /* SocialNetworkAppAppDelegate.m */; };
		B71D1CC71BD577750099916D /* Main.storyboard in Resources */ = {isa = PBXBuildFile; fileRef = B71D1CC51BD577750099916D /* Main.storyboard */; };
		B71D1CCA1BD577750099916D /* SocialNetworkAppViewController.m in Sources */ = {isa = PBXBuildFile; fileRef = B71D1CC91BD577750099916D /* SocialNetworkAppViewController.m */; };
		B71D1CCC1BD577750099916D /* Images.xcassets in Resources */ = {isa = PBXBuildFile; fileRef = B71D1CCB1BD577750099916D /* Images.xcassets */; };
		B71D1CD31BD577750099916D /* XCTest.framework in Frameworks */ = {isa = PBXBuildFile; fileRef = B71D1CD21BD577750099916D /* XCTest.framework */; };
		B71D1CD41BD577750099916D /* Foundation.framework in Frameworks */ = {isa = PBXBuildFile; fileRef = B71D1CB31BD577750099916D /* Foundation.framework */; };
		B71D1CD51BD577750099916D /* UIKit.framework in Frameworks */ = {isa = PBXBuildFile; fileRef = B71D1CB71BD577750099916D /* UIKit.framework */; };
		B71D1CDD1BD577750099916D /* InfoPlist.strings in Resources */ = {isa = PBXBuildFile; fileRef = B71D1CDB1BD577750099916D /* InfoPlist.strings */; };
		B71D1CDF1BD577750099916D /* socialNetworkAppTests.m in Sources */ = {isa = PBXBuildFile; fileRef = B71D1CDE1BD577750099916D /* socialNetworkAppTests.m */; };
/* End PBXBuildFile section */

/* Begin PBXContainerItemProxy section */
		B71D1CD61BD577750099916D /* PBXContainerItemProxy */ = {
			isa = PBXContainerItemProxy;
			containerPortal = B71D1CA81BD577750099916D /* Project object */;
			proxyType = 1;
			remoteGlobalIDString = B71D1CAF1BD577750099916D;
			remoteInfo = socialNetworkApp;
		};
/* End PBXContainerItemProxy section */

/* Begin PBXFileReference section */
		B71D1CB01BD577750099916D /* socialNetworkApp.app */ = {isa = PBXFileReference; explicitFileType = wrapper.application; includeInIndex = 0; path = socialNetworkApp.app; sourceTree = BUILT_PRODUCTS_DIR; };
		B71D1CB31BD577750099916D /* Foundation.framework */ = {isa = PBXFileReference; lastKnownFileType = wrapper.framework; name = Foundation.framework; path = System/Library/Frameworks/Foundation.framework; sourceTree = SDKROOT; };
		B71D1CB51BD577750099916D /* CoreGraphics.framework */ = {isa = PBXFileReference; lastKnownFileType = wrapper.framework; name = CoreGraphics.framework; path = System/Library/Frameworks/CoreGraphics.framework; sourceTree = SDKROOT; };
		B71D1CB71BD577750099916D /* UIKit.framework */ = {isa = PBXFileReference; lastKnownFileType = wrapper.framework; name = UIKit.framework; path = System/Library/Frameworks/UIKit.framework; sourceTree = SDKROOT; };
		B71D1CBB1BD577750099916D /* socialNetworkApp-Info.plist */ = {isa = PBXFileReference; lastKnownFileType = text.plist.xml; path = "socialNetworkApp-Info.plist"; sourceTree = "<group>"; };
		B71D1CBD1BD577750099916D /* en */ = {isa = PBXFileReference; lastKnownFileType = text.plist.strings; name = en; path = en.lproj/InfoPlist.strings; sourceTree = "<group>"; };
		B71D1CBF1BD577750099916D /* main.m */ = {isa = PBXFileReference; lastKnownFileType = sourcecode.c.objc; path = main.m; sourceTree = "<group>"; };
		B71D1CC11BD577750099916D /* socialNetworkApp-Prefix.pch */ = {isa = PBXFileReference; lastKnownFileType = sourcecode.c.h; path = "socialNetworkApp-Prefix.pch"; sourceTree = "<group>"; };
		B71D1CC21BD577750099916D /* SocialNetworkAppAppDelegate.h */ = {isa = PBXFileReference; lastKnownFileType = sourcecode.c.h; path = SocialNetworkAppAppDelegate.h; sourceTree = "<group>"; };
		B71D1CC31BD577750099916D /* SocialNetworkAppAppDelegate.m */ = {isa = PBXFileReference; lastKnownFileType = sourcecode.c.objc; path = SocialNetworkAppAppDelegate.m; sourceTree = "<group>"; };
		B71D1CC61BD577750099916D /* Base */ = {isa = PBXFileReference; lastKnownFileType = file.storyboard; name = Base; path = Base.lproj/Main.storyboard; sourceTree = "<group>"; };
		B71D1CC81BD577750099916D /* SocialNetworkAppViewController.h */ = {isa = PBXFileReference; lastKnownFileType = sourcecode.c.h; path = SocialNetworkAppViewController.h; sourceTree = "<group>"; };
		B71D1CC91BD577750099916D /* SocialNetworkAppViewController.m */ = {isa = PBXFileReference; lastKnownFileType = sourcecode.c.objc; path = SocialNetworkAppViewController.m; sourceTree = "<group>"; };
		B71D1CCB1BD577750099916D /* Images.xcassets */ = {isa = PBXFileReference; lastKnownFileType = folder.assetcatalog; path = Images.xcassets; sourceTree = "<group>"; };
		B71D1CD11BD577750099916D /* socialNetworkAppTests.xctest */ = {isa = PBXFileReference; explicitFileType = wrapper.cfbundle; includeInIndex = 0; path = socialNetworkAppTests.xctest; sourceTree = BUILT_PRODUCTS_DIR; };
		B71D1CD21BD577750099916D /* XCTest.framework */ = {isa = PBXFileReference; lastKnownFileType = wrapper.framework; name = XCTest.framework; path = Library/Frameworks/XCTest.framework; sourceTree = DEVELOPER_DIR; };
		B71D1CDA1BD577750099916D /* socialNetworkAppTests-Info.plist */ = {isa = PBXFileReference; lastKnownFileType = text.plist.xml; path = "socialNetworkAppTests-Info.plist"; sourceTree = "<group>"; };
		B71D1CDC1BD577750099916D /* en */ = {isa = PBXFileReference; lastKnownFileType = text.plist.strings; name = en; path = en.lproj/InfoPlist.strings; sourceTree = "<group>"; };
		B71D1CDE1BD577750099916D /* socialNetworkAppTests.m */ = {isa = PBXFileReference; lastKnownFileType = sourcecode.c.objc; path = socialNetworkAppTests.m; sourceTree = "<group>"; };
/* End PBXFileReference section */

/* Begin PBXFrameworksBuildPhase section */
		B71D1CAD1BD577750099916D /* Frameworks */ = {
			isa = PBXFrameworksBuildPhase;
			buildActionMask = 2147483647;
			files = (
				B71D1CB61BD577750099916D /* CoreGraphics.framework in Frameworks */,
				B71D1CB81BD577750099916D /* UIKit.framework in Frameworks */,
				B71D1CB41BD577750099916D /* Foundation.framework in Frameworks */,
			);
			runOnlyForDeploymentPostprocessing = 0;
		};
		B71D1CCE1BD577750099916D /* Frameworks */ = {
			isa = PBXFrameworksBuildPhase;
			buildActionMask = 2147483647;
			files = (
				B71D1CD31BD577750099916D /* XCTest.framework in Frameworks */,
				B71D1CD51BD577750099916D /* UIKit.framework in Frameworks */,
				B71D1CD41BD577750099916D /* Foundation.framework in Frameworks */,
			);
			runOnlyForDeploymentPostprocessing = 0;
		};
/* End PBXFrameworksBuildPhase section */

/* Begin PBXGroup section */
		B71D1CA71BD577750099916D = {
			isa = PBXGroup;
			children = (
				B71D1CB91BD577750099916D /* socialNetworkApp */,
				B71D1CD81BD577750099916D /* socialNetworkAppTests */,
				B71D1CB21BD577750099916D /* Frameworks */,
				B71D1CB11BD577750099916D /* Products */,
			);
			sourceTree = "<group>";
		};
		B71D1CB11BD577750099916D /* Products */ = {
			isa = PBXGroup;
			children = (
				B71D1CB01BD577750099916D /* socialNetworkApp.app */,
				B71D1CD11BD577750099916D /* socialNetworkAppTests.xctest */,
			);
			name = Products;
			sourceTree = "<group>";
		};
		B71D1CB21BD577750099916D /* Frameworks */ = {
			isa = PBXGroup;
			children = (
				B71D1CB31BD577750099916D /* Foundation.framework */,
				B71D1CB51BD577750099916D /* CoreGraphics.framework */,
				B71D1CB71BD577750099916D /* UIKit.framework */,
				B71D1CD21BD577750099916D /* XCTest.framework */,
			);
			name = Frameworks;
			sourceTree = "<group>";
		};
		B71D1CB91BD577750099916D /* socialNetworkApp */ = {
			isa = PBXGroup;
			children = (
				B71D1CC21BD577750099916D /* SocialNetworkAppAppDelegate.h */,
				B71D1CC31BD577750099916D /* SocialNetworkAppAppDelegate.m */,
				B71D1CC51BD577750099916D /* Main.storyboard */,
				B71D1CC81BD577750099916D /* SocialNetworkAppViewController.h */,
				B71D1CC91BD577750099916D /* SocialNetworkAppViewController.m */,
				B71D1CCB1BD577750099916D /* Images.xcassets */,
				B71D1CBA1BD577750099916D /* Supporting Files */,
			);
			path = socialNetworkApp;
			sourceTree = "<group>";
		};
		B71D1CBA1BD577750099916D /* Supporting Files */ = {
			isa = PBXGroup;
			children = (
				B71D1CBB1BD577750099916D /* socialNetworkApp-Info.plist */,
				B71D1CBC1BD577750099916D /* InfoPlist.strings */,
				B71D1CBF1BD577750099916D /* main.m */,
				B71D1CC11BD577750099916D /* socialNetworkApp-Prefix.pch */,
			);
			name = "Supporting Files";
			sourceTree = "<group>";
		};
		B71D1CD81BD577750099916D /* socialNetworkAppTests */ = {
			isa = PBXGroup;
			children = (
				B71D1CDE1BD577750099916D /* socialNetworkAppTests.m */,
				B71D1CD91BD577750099916D /* Supporting Files */,
			);
			path = socialNetworkAppTests;
			sourceTree = "<group>";
		};
		B71D1CD91BD577750099916D /* Supporting Files */ = {
			isa = PBXGroup;
			children = (
				B71D1CDA1BD577750099916D /* socialNetworkAppTests-Info.plist */,
				B71D1CDB1BD577750099916D /* InfoPlist.strings */,
			);
			name = "Supporting Files";
			sourceTree = "<group>";
		};
/* End PBXGroup section */

/* Begin PBXNativeTarget section */
		B71D1CAF1BD577750099916D /* socialNetworkApp */ = {
			isa = PBXNativeTarget;
			buildConfigurationList = B71D1CE21BD577750099916D /* Build configuration list for PBXNativeTarget "socialNetworkApp" */;
			buildPhases = (
				B71D1CAC1BD577750099916D /* Sources */,
				B71D1CAD1BD577750099916D /* Frameworks */,
				B71D1CAE1BD577750099916D /* Resources */,
			);
			buildRules = (
			);
			dependencies = (
			);
			name = socialNetworkApp;
			productName = socialNetworkApp;
			productReference = B71D1CB01BD577750099916D /* socialNetworkApp.app */;
			productType = "com.apple.product-type.application";
		};
		B71D1CD01BD577750099916D /* socialNetworkAppTests */ = {
			isa = PBXNativeTarget;
			buildConfigurationList = B71D1CE51BD577750099916D /* Build configuration list for PBXNativeTarget "socialNetworkAppTests" */;
			buildPhases = (
				B71D1CCD1BD577750099916D /* Sources */,
				B71D1CCE1BD577750099916D /* Frameworks */,
				B71D1CCF1BD577750099916D /* Resources */,
			);
			buildRules = (
			);
			dependencies = (
				B71D1CD71BD577750099916D /* PBXTargetDependency */,
			);
			name = socialNetworkAppTests;
			productName = socialNetworkAppTests;
			productReference = B71D1CD11BD577750099916D /* socialNetworkAppTests.xctest */;
			productType = "com.apple.product-type.bundle.unit-test";
		};
/* End PBXNativeTarget section */

/* Begin PBXProject section */
		B71D1CA81BD577750099916D /* Project object */ = {
			isa = PBXProject;
			attributes = {
				CLASSPREFIX = SocialNetworkApp;
				LastUpgradeCheck = 0510;
				ORGANIZATIONNAME = DBAlliance;
				TargetAttributes = {
					B71D1CD01BD577750099916D = {
						TestTargetID = B71D1CAF1BD577750099916D;
					};
				};
			};
			buildConfigurationList = B71D1CAB1BD577750099916D /* Build configuration list for PBXProject "socialNetworkApp" */;
			compatibilityVersion = "Xcode 3.2";
			developmentRegion = English;
			hasScannedForEncodings = 0;
			knownRegions = (
				en,
				Base,
			);
			mainGroup = B71D1CA71BD577750099916D;
			productRefGroup = B71D1CB11BD577750099916D /* Products */;
			projectDirPath = "";
			projectRoot = "";
			targets = (
				B71D1CAF1BD577750099916D /* socialNetworkApp */,
				B71D1CD01BD577750099916D /* socialNetworkAppTests */,
			);
		};
/* End PBXProject section */

/* Begin PBXResourcesBuildPhase section */
		B71D1CAE1BD577750099916D /* Resources */ = {
			isa = PBXResourcesBuildPhase;
			buildActionMask = 2147483647;
			files = (
				B71D1CCC1BD577750099916D /* Images.xcassets in Resources */,
				B71D1CBE1BD577750099916D /* InfoPlist.strings in Resources */,
				B71D1CC71BD577750099916D /* Main.storyboard in Resources */,
			);
			runOnlyForDeploymentPostprocessing = 0;
		};
		B71D1CCF1BD577750099916D /* Resources */ = {
			isa = PBXResourcesBuildPhase;
			buildActionMask = 2147483647;
			files = (
				B71D1CDD1BD577750099916D /* InfoPlist.strings in Resources */,
			);
			runOnlyForDeploymentPostprocessing = 0;
		};
/* End PBXResourcesBuildPhase section */

/* Begin PBXSourcesBuildPhase section */
		B71D1CAC1BD577750099916D /* Sources */ = {
			isa = PBXSourcesBuildPhase;
			buildActionMask = 2147483647;
			files = (
				B71D1CCA1BD577750099916D /* SocialNetworkAppViewController.m in Sources */,
				B71D1CC41BD577750099916D /* SocialNetworkAppAppDelegate.m in Sources */,
				B71D1CC01BD577750099916D /* main.m in Sources */,
			);
			runOnlyForDeploymentPostprocessing = 0;
		};
		B71D1CCD1BD577750099916D /* Sources */ = {
			isa = PBXSourcesBuildPhase;
			buildActionMask = 2147483647;
			files = (
				B71D1CDF1BD577750099916D /* socialNetworkAppTests.m in Sources */,
			);
			runOnlyForDeploymentPostprocessing = 0;
		};
/* End PBXSourcesBuildPhase section */

/* Begin PBXTargetDependency section */
		B71D1CD71BD577750099916D /* PBXTargetDependency */ = {
			isa = PBXTargetDependency;
			target = B71D1CAF1BD577750099916D /* socialNetworkApp */;
			targetProxy = B71D1CD61BD577750099916D /* PBXContainerItemProxy */;
		};
/* End PBXTargetDependency section */

/* Begin PBXVariantGroup section */
		B71D1CBC1BD577750099916D /* InfoPlist.strings */ = {
			isa = PBXVariantGroup;
			children = (
				B71D1CBD1BD577750099916D /* en */,
			);
			name = InfoPlist.strings;
			sourceTree = "<group>";
		};
		B71D1CC51BD577750099916D /* Main.storyboard */ = {
			isa = PBXVariantGroup;
			children = (
				B71D1CC61BD577750099916D /* Base */,
			);
			name = Main.storyboard;
			sourceTree = "<group>";
		};
		B71D1CDB1BD577750099916D /* InfoPlist.strings */ = {
			isa = PBXVariantGroup;
			children = (
				B71D1CDC1BD577750099916D /* en */,
			);
			name = InfoPlist.strings;
			sourceTree = "<group>";
		};
/* End PBXVariantGroup section */

/* Begin XCBuildConfiguration section */
		B71D1CE01BD577750099916D /* Debug */ = {
			isa = XCBuildConfiguration;
			buildSettings = {
				ALWAYS_SEARCH_USER_PATHS = NO;
				CLANG_CXX_LANGUAGE_STANDARD = "gnu++0x";
				CLANG_CXX_LIBRARY = "libc++";
				CLANG_ENABLE_MODULES = YES;
				CLANG_ENABLE_OBJC_ARC = YES;
				CLANG_WARN_BOOL_CONVERSION = YES;
				CLANG_WARN_CONSTANT_CONVERSION = YES;
				CLANG_WARN_DIRECT_OBJC_ISA_USAGE = YES_ERROR;
				CLANG_WARN_EMPTY_BODY = YES;
				CLANG_WARN_ENUM_CONVERSION = YES;
				CLANG_WARN_INT_CONVERSION = YES;
				CLANG_WARN_OBJC_ROOT_CLASS = YES_ERROR;
				CLANG_WARN__DUPLICATE_METHOD_MATCH = YES;
				"CODE_SIGN_IDENTITY[sdk=iphoneos*]" = "iPhone Developer";
				COPY_PHASE_STRIP = NO;
				GCC_C_LANGUAGE_STANDARD = gnu99;
				GCC_DYNAMIC_NO_PIC = NO;
				GCC_OPTIMIZATION_LEVEL = 0;
				GCC_PREPROCESSOR_DEFINITIONS = (
					"DEBUG=1",
					"$(inherited)",
				);
				GCC_SYMBOLS_PRIVATE_EXTERN = NO;
				GCC_WARN_64_TO_32_BIT_CONVERSION = YES;
				GCC_WARN_ABOUT_RETURN_TYPE = YES_ERROR;
				GCC_WARN_UNDECLARED_SELECTOR = YES;
				GCC_WARN_UNINITIALIZED_AUTOS = YES_AGGRESSIVE;
				GCC_WARN_UNUSED_FUNCTION = YES;
				GCC_WARN_UNUSED_VARIABLE = YES;
				IPHONEOS_DEPLOYMENT_TARGET = 7.1;
				ONLY_ACTIVE_ARCH = YES;
				SDKROOT = iphoneos;
			};
			name = Debug;
		};
		B71D1CE11BD577750099916D /* Release */ = {
			isa = XCBuildConfiguration;
			buildSettings = {
				ALWAYS_SEARCH_USER_PATHS = NO;
				CLANG_CXX_LANGUAGE_STANDARD = "gnu++0x";
				CLANG_CXX_LIBRARY = "libc++";
				CLANG_ENABLE_MODULES = YES;
				CLANG_ENABLE_OBJC_ARC = YES;
				CLANG_WARN_BOOL_CONVERSION = YES;
				CLANG_WARN_CONSTANT_CONVERSION = YES;
				CLANG_WARN_DIRECT_OBJC_ISA_USAGE = YES_ERROR;
				CLANG_WARN_EMPTY_BODY = YES;
				CLANG_WARN_ENUM_CONVERSION = YES;
				CLANG_WARN_INT_CONVERSION = YES;
				CLANG_WARN_OBJC_ROOT_CLASS = YES_ERROR;
				CLANG_WARN__DUPLICATE_METHOD_MATCH = YES;
				"CODE_SIGN_IDENTITY[sdk=iphoneos*]" = "iPhone Developer";
				COPY_PHASE_STRIP = YES;
				ENABLE_NS_ASSERTIONS = NO;
				GCC_C_LANGUAGE_STANDARD = gnu99;
				GCC_WARN_64_TO_32_BIT_CONVERSION = YES;
				GCC_WARN_ABOUT_RETURN_TYPE = YES_ERROR;
				GCC_WARN_UNDECLARED_SELECTOR = YES;
				GCC_WARN_UNINITIALIZED_AUTOS = YES_AGGRESSIVE;
				GCC_WARN_UNUSED_FUNCTION = YES;
				GCC_WARN_UNUSED_VARIABLE = YES;
				IPHONEOS_DEPLOYMENT_TARGET = 7.1;
				SDKROOT = iphoneos;
				VALIDATE_PRODUCT = YES;
			};
			name = Release;
		};
		B71D1CE31BD577750099916D /* Debug */ = {
			isa = XCBuildConfiguration;
			buildSettings = {
				ASSETCATALOG_COMPILER_APPICON_NAME = AppIcon;
				ASSETCATALOG_COMPILER_LAUNCHIMAGE_NAME = LaunchImage;
				GCC_PRECOMPILE_PREFIX_HEADER = YES;
				GCC_PREFIX_HEADER = "socialNetworkApp/socialNetworkApp-Prefix.pch";
				INFOPLIST_FILE = "socialNetworkApp/socialNetworkApp-Info.plist";
				PRODUCT_NAME = "$(TARGET_NAME)";
				WRAPPER_EXTENSION = app;
			};
			name = Debug;
		};
		B71D1CE41BD577750099916D /* Release */ = {
			isa = XCBuildConfiguration;
			buildSettings = {
				ASSETCATALOG_COMPILER_APPICON_NAME = AppIcon;
				ASSETCATALOG_COMPILER_LAUNCHIMAGE_NAME = LaunchImage;
				GCC_PRECOMPILE_PREFIX_HEADER = YES;
				GCC_PREFIX_HEADER = "socialNetworkApp/socialNetworkApp-Prefix.pch";
				INFOPLIST_FILE = "socialNetworkApp/socialNetworkApp-Info.plist";
				PRODUCT_NAME = "$(TARGET_NAME)";
				WRAPPER_EXTENSION = app;
			};
			name = Release;
		};
		B71D1CE61BD577750099916D /* Debug */ = {
			isa = XCBuildConfiguration;
			buildSettings = {
				BUNDLE_LOADER = "$(BUILT_PRODUCTS_DIR)/socialNetworkApp.app/socialNetworkApp";
				FRAMEWORK_SEARCH_PATHS = (
					"$(SDKROOT)/Developer/Library/Frameworks",
					"$(inherited)",
					"$(DEVELOPER_FRAMEWORKS_DIR)",
				);
				GCC_PRECOMPILE_PREFIX_HEADER = YES;
				GCC_PREFIX_HEADER = "socialNetworkApp/socialNetworkApp-Prefix.pch";
				GCC_PREPROCESSOR_DEFINITIONS = (
					"DEBUG=1",
					"$(inherited)",
				);
				INFOPLIST_FILE = "socialNetworkAppTests/socialNetworkAppTests-Info.plist";
				PRODUCT_NAME = "$(TARGET_NAME)";
				TEST_HOST = "$(BUNDLE_LOADER)";
				WRAPPER_EXTENSION = xctest;
			};
			name = Debug;
		};
		B71D1CE71BD577750099916D /* Release */ = {
			isa = XCBuildConfiguration;
			buildSettings = {
				BUNDLE_LOADER = "$(BUILT_PRODUCTS_DIR)/socialNetworkApp.app/socialNetworkApp";
				FRAMEWORK_SEARCH_PATHS = (
					"$(SDKROOT)/Developer/Library/Frameworks",
					"$(inherited)",
					"$(DEVELOPER_FRAMEWORKS_DIR)",
				);
				GCC_PRECOMPILE_PREFIX_HEADER = YES;
				GCC_PREFIX_HEADER = "socialNetworkApp/socialNetworkApp-Prefix.pch";
				INFOPLIST_FILE = "socialNetworkAppTests/socialNetworkAppTests-Info.plist";
				PRODUCT_NAME = "$(TARGET_NAME)";
				TEST_HOST = "$(BUNDLE_LOADER)";
				WRAPPER_EXTENSION = xctest;
			};
			name = Release;
		};
/* End XCBuildConfiguration section */

/* Begin XCConfigurationList section */
		B71D1CAB1BD577750099916D /* Build configuration list for PBXProject "socialNetworkApp" */ = {
			isa = XCConfigurationList;
			buildConfigurations = (
				B71D1CE01BD577750099916D /* Debug */,
				B71D1CE11BD577750099916D /* Release */,
			);
			defaultConfigurationIsVisible = 0;
			defaultConfigurationName = Release;
		};
		B71D1CE21BD577750099916D /* Build configuration list for PBXNativeTarget "socialNetworkApp" */ = {
			isa = XCConfigurationList;
			buildConfigurations = (
				B71D1CE31BD577750099916D /* Debug */,
				B71D1CE41BD577750099916D /* Release */,
			);
			defaultConfigurationIsVisible = 0;
		};
		B71D1CE51BD577750099916D /* Build configuration list for PBXNativeTarget "socialNetworkAppTests" */ = {
			isa = XCConfigurationList;
			buildConfigurations = (
				B71D1CE61BD577750099916D /* Debug */,
				B71D1CE71BD577750099916D /* Release */,
			);
			defaultConfigurationIsVisible = 0;
		};
/* End XCConfigurationList section */
	};
	rootObject = B71D1CA81BD577750099916D /* Project object */;
}
